// !$*UTF8*$!
{
	archiveVersion = 1;
	classes = {
	};
	objectVersion = 46;
	objects = {

/* Begin PBXBuildFile section */
		F5CBDC9A1D0EB7E200C32C85 /* main.m in Sources */ = {isa = PBXBuildFile; fileRef = F5CBDC991D0EB7E200C32C85 /* main.m */; };
		F5CBDC9D1D0EB7E200C32C85 /* AppDelegate.m in Sources */ = {isa = PBXBuildFile; fileRef = F5CBDC9C1D0EB7E200C32C85 /* AppDelegate.m */; };
		F5CBDCA01D0EB7E200C32C85 /* ViewController.m in Sources */ = {isa = PBXBuildFile; fileRef = F5CBDC9F1D0EB7E200C32C85 /* ViewController.m */; };
		F5CBDCA31D0EB7E200C32C85 /* Main.storyboard in Resources */ = {isa = PBXBuildFile; fileRef = F5CBDCA11D0EB7E200C32C85 /* Main.storyboard */; };
		F5CBDCA51D0EB7E200C32C85 /* Assets.xcassets in Resources */ = {isa = PBXBuildFile; fileRef = F5CBDCA41D0EB7E200C32C85 /* Assets.xcassets */; };
		F5CBDCA81D0EB7E200C32C85 /* LaunchScreen.storyboard in Resources */ = {isa = PBXBuildFile; fileRef = F5CBDCA61D0EB7E200C32C85 /* LaunchScreen.storyboard */; };
		F5CBDCB31D0EB7E200C32C85 /* MethodAndToolsTests.m in Sources */ = {isa = PBXBuildFile; fileRef = F5CBDCB21D0EB7E200C32C85 /* MethodAndToolsTests.m */; };
		F5CBDCBE1D0EB7E200C32C85 /* MethodAndToolsUITests.m in Sources */ = {isa = PBXBuildFile; fileRef = F5CBDCBD1D0EB7E200C32C85 /* MethodAndToolsUITests.m */; };
/* End PBXBuildFile section */

/* Begin PBXContainerItemProxy section */
		F5CBDCAF1D0EB7E200C32C85 /* PBXContainerItemProxy */ = {
			isa = PBXContainerItemProxy;
			containerPortal = F5CBDC8D1D0EB7E200C32C85 /* Project object */;
			proxyType = 1;
			remoteGlobalIDString = F5CBDC941D0EB7E200C32C85;
			remoteInfo = MethodAndTools;
		};
		F5CBDCBA1D0EB7E200C32C85 /* PBXContainerItemProxy */ = {
			isa = PBXContainerItemProxy;
			containerPortal = F5CBDC8D1D0EB7E200C32C85 /* Project object */;
			proxyType = 1;
			remoteGlobalIDString = F5CBDC941D0EB7E200C32C85;
			remoteInfo = MethodAndTools;
		};
/* End PBXContainerItemProxy section */

/* Begin PBXFileReference section */
		F5CBDC951D0EB7E200C32C85 /* MethodAndTools.app */ = {isa = PBXFileReference; explicitFileType = wrapper.application; includeInIndex = 0; path = MethodAndTools.app; sourceTree = BUILT_PRODUCTS_DIR; };
		F5CBDC991D0EB7E200C32C85 /* main.m */ = {isa = PBXFileReference; lastKnownFileType = sourcecode.c.objc; path = main.m; sourceTree = "<group>"; };
		F5CBDC9B1D0EB7E200C32C85 /* AppDelegate.h */ = {isa = PBXFileReference; lastKnownFileType = sourcecode.c.h; path = AppDelegate.h; sourceTree = "<group>"; };
		F5CBDC9C1D0EB7E200C32C85 /* AppDelegate.m */ = {isa = PBXFileReference; lastKnownFileType = sourcecode.c.objc; path = AppDelegate.m; sourceTree = "<group>"; };
		F5CBDC9E1D0EB7E200C32C85 /* ViewController.h */ = {isa = PBXFileReference; lastKnownFileType = sourcecode.c.h; path = ViewController.h; sourceTree = "<group>"; };
		F5CBDC9F1D0EB7E200C32C85 /* ViewController.m */ = {isa = PBXFileReference; lastKnownFileType = sourcecode.c.objc; path = ViewController.m; sourceTree = "<group>"; };
		F5CBDCA21D0EB7E200C32C85 /* Base */ = {isa = PBXFileReference; lastKnownFileType = file.storyboard; name = Base; path = Base.lproj/Main.storyboard; sourceTree = "<group>"; };
		F5CBDCA41D0EB7E200C32C85 /* Assets.xcassets */ = {isa = PBXFileReference; lastKnownFileType = folder.assetcatalog; path = Assets.xcassets; sourceTree = "<group>"; };
		F5CBDCA71D0EB7E200C32C85 /* Base */ = {isa = PBXFileReference; lastKnownFileType = file.storyboard; name = Base; path = Base.lproj/LaunchScreen.storyboard; sourceTree = "<group>"; };
		F5CBDCA91D0EB7E200C32C85 /* Info.plist */ = {isa = PBXFileReference; lastKnownFileType = text.plist.xml; path = Info.plist; sourceTree = "<group>"; };
		F5CBDCAE1D0EB7E200C32C85 /* MethodAndToolsTests.xctest */ = {isa = PBXFileReference; explicitFileType = wrapper.cfbundle; includeInIndex = 0; path = MethodAndToolsTests.xctest; sourceTree = BUILT_PRODUCTS_DIR; };
		F5CBDCB21D0EB7E200C32C85 /* MethodAndToolsTests.m */ = {isa = PBXFileReference; lastKnownFileType = sourcecode.c.objc; path = MethodAndToolsTests.m; sourceTree = "<group>"; };
		F5CBDCB41D0EB7E200C32C85 /* Info.plist */ = {isa = PBXFileReference; lastKnownFileType = text.plist.xml; path = Info.plist; sourceTree = "<group>"; };
		F5CBDCB91D0EB7E200C32C85 /* MethodAndToolsUITests.xctest */ = {isa = PBXFileReference; explicitFileType = wrapper.cfbundle; includeInIndex = 0; path = MethodAndToolsUITests.xctest; sourceTree = BUILT_PRODUCTS_DIR; };
		F5CBDCBD1D0EB7E200C32C85 /* MethodAndToolsUITests.m */ = {isa = PBXFileReference; lastKnownFileType = sourcecode.c.objc; path = MethodAndToolsUITests.m; sourceTree = "<group>"; };
		F5CBDCBF1D0EB7E200C32C85 /* Info.plist */ = {isa = PBXFileReference; lastKnownFileType = text.plist.xml; path = Info.plist; sourceTree = "<group>"; };
/* End PBXFileReference section */

/* Begin PBXFrameworksBuildPhase section */
		F5CBDC921D0EB7E200C32C85 /* Frameworks */ = {
			isa = PBXFrameworksBuildPhase;
			buildActionMask = 2147483647;
			files = (
			);
			runOnlyForDeploymentPostprocessing = 0;
		};
		F5CBDCAB1D0EB7E200C32C85 /* Frameworks */ = {
			isa = PBXFrameworksBuildPhase;
			buildActionMask = 2147483647;
			files = (
			);
			runOnlyForDeploymentPostprocessing = 0;
		};
		F5CBDCB61D0EB7E200C32C85 /* Frameworks */ = {
			isa = PBXFrameworksBuildPhase;
			buildActionMask = 2147483647;
			files = (
			);
			runOnlyForDeploymentPostprocessing = 0;
		};
/* End PBXFrameworksBuildPhase section */

/* Begin PBXGroup section */
		F5CBDC8C1D0EB7E200C32C85 = {
			isa = PBXGroup;
			children = (
				F5CBDC971D0EB7E200C32C85 /* MethodAndTools */,
				F5CBDCB11D0EB7E200C32C85 /* MethodAndToolsTests */,
				F5CBDCBC1D0EB7E200C32C85 /* MethodAndToolsUITests */,
				F5CBDC961D0EB7E200C32C85 /* Products */,
			);
			sourceTree = "<group>";
		};
		F5CBDC961D0EB7E200C32C85 /* Products */ = {
			isa = PBXGroup;
			children = (
				F5CBDC951D0EB7E200C32C85 /* MethodAndTools.app */,
				F5CBDCAE1D0EB7E200C32C85 /* MethodAndToolsTests.xctest */,
				F5CBDCB91D0EB7E200C32C85 /* MethodAndToolsUITests.xctest */,
			);
			name = Products;
			sourceTree = "<group>";
		};
		F5CBDC971D0EB7E200C32C85 /* MethodAndTools */ = {
			isa = PBXGroup;
			children = (
				F5CBDC9B1D0EB7E200C32C85 /* AppDelegate.h */,
				F5CBDC9C1D0EB7E200C32C85 /* AppDelegate.m */,
				F5CBDC9E1D0EB7E200C32C85 /* ViewController.h */,
				F5CBDC9F1D0EB7E200C32C85 /* ViewController.m */,
				F5CBDCA11D0EB7E200C32C85 /* Main.storyboard */,
				F5CBDCA41D0EB7E200C32C85 /* Assets.xcassets */,
				F5CBDCA61D0EB7E200C32C85 /* LaunchScreen.storyboard */,
				F5CBDCA91D0EB7E200C32C85 /* Info.plist */,
				F5CBDC981D0EB7E200C32C85 /* Supporting Files */,
			);
			path = MethodAndTools;
			sourceTree = "<group>";
		};
		F5CBDC981D0EB7E200C32C85 /* Supporting Files */ = {
			isa = PBXGroup;
			children = (
				F5CBDC991D0EB7E200C32C85 /* main.m */,
			);
			name = "Supporting Files";
			sourceTree = "<group>";
		};
		F5CBDCB11D0EB7E200C32C85 /* MethodAndToolsTests */ = {
			isa = PBXGroup;
			children = (
				F5CBDCB21D0EB7E200C32C85 /* MethodAndToolsTests.m */,
				F5CBDCB41D0EB7E200C32C85 /* Info.plist */,
			);
			path = MethodAndToolsTests;
			sourceTree = "<group>";
		};
		F5CBDCBC1D0EB7E200C32C85 /* MethodAndToolsUITests */ = {
			isa = PBXGroup;
			children = (
				F5CBDCBD1D0EB7E200C32C85 /* MethodAndToolsUITests.m */,
				F5CBDCBF1D0EB7E200C32C85 /* Info.plist */,
			);
			path = MethodAndToolsUITests;
			sourceTree = "<group>";
		};
/* End PBXGroup section */

/* Begin PBXNativeTarget section */
		F5CBDC941D0EB7E200C32C85 /* MethodAndTools */ = {
			isa = PBXNativeTarget;
			buildConfigurationList = F5CBDCC21D0EB7E200C32C85 /* Build configuration list for PBXNativeTarget "MethodAndTools" */;
			buildPhases = (
				F5CBDC911D0EB7E200C32C85 /* Sources */,
				F5CBDC921D0EB7E200C32C85 /* Frameworks */,
				F5CBDC931D0EB7E200C32C85 /* Resources */,
			);
			buildRules = (
			);
			dependencies = (
			);
			name = MethodAndTools;
			productName = MethodAndTools;
			productReference = F5CBDC951D0EB7E200C32C85 /* MethodAndTools.app */;
			productType = "com.apple.product-type.application";
		};
		F5CBDCAD1D0EB7E200C32C85 /* MethodAndToolsTests */ = {
			isa = PBXNativeTarget;
			buildConfigurationList = F5CBDCC51D0EB7E200C32C85 /* Build configuration list for PBXNativeTarget "MethodAndToolsTests" */;
			buildPhases = (
				F5CBDCAA1D0EB7E200C32C85 /* Sources */,
				F5CBDCAB1D0EB7E200C32C85 /* Frameworks */,
				F5CBDCAC1D0EB7E200C32C85 /* Resources */,
			);
			buildRules = (
			);
			dependencies = (
				F5CBDCB01D0EB7E200C32C85 /* PBXTargetDependency */,
			);
			name = MethodAndToolsTests;
			productName = MethodAndToolsTests;
			productReference = F5CBDCAE1D0EB7E200C32C85 /* MethodAndToolsTests.xctest */;
			productType = "com.apple.product-type.bundle.unit-test";
		};
		F5CBDCB81D0EB7E200C32C85 /* MethodAndToolsUITests */ = {
			isa = PBXNativeTarget;
			buildConfigurationList = F5CBDCC81D0EB7E200C32C85 /* Build configuration list for PBXNativeTarget "MethodAndToolsUITests" */;
			buildPhases = (
				F5CBDCB51D0EB7E200C32C85 /* Sources */,
				F5CBDCB61D0EB7E200C32C85 /* Frameworks */,
				F5CBDCB71D0EB7E200C32C85 /* Resources */,
			);
			buildRules = (
			);
			dependencies = (
				F5CBDCBB1D0EB7E200C32C85 /* PBXTargetDependency */,
			);
			name = MethodAndToolsUITests;
			productName = MethodAndToolsUITests;
			productReference = F5CBDCB91D0EB7E200C32C85 /* MethodAndToolsUITests.xctest */;
			productType = "com.apple.product-type.bundle.ui-testing";
		};
/* End PBXNativeTarget section */

/* Begin PBXProject section */
		F5CBDC8D1D0EB7E200C32C85 /* Project object */ = {
			isa = PBXProject;
			attributes = {
				LastUpgradeCheck = 0730;
				ORGANIZATIONNAME = bobo;
				TargetAttributes = {
					F5CBDC941D0EB7E200C32C85 = {
						CreatedOnToolsVersion = 7.3;
					};
					F5CBDCAD1D0EB7E200C32C85 = {
						CreatedOnToolsVersion = 7.3;
						TestTargetID = F5CBDC941D0EB7E200C32C85;
					};
					F5CBDCB81D0EB7E200C32C85 = {
						CreatedOnToolsVersion = 7.3;
						TestTargetID = F5CBDC941D0EB7E200C32C85;
					};
				};
			};
			buildConfigurationList = F5CBDC901D0EB7E200C32C85 /* Build configuration list for PBXProject "MethodAndTools" */;
			compatibilityVersion = "Xcode 3.2";
			developmentRegion = English;
			hasScannedForEncodings = 0;
			knownRegions = (
				en,
				Base,
			);
			mainGroup = F5CBDC8C1D0EB7E200C32C85;
			productRefGroup = F5CBDC961D0EB7E200C32C85 /* Products */;
			projectDirPath = "";
			projectRoot = "";
			targets = (
				F5CBDC941D0EB7E200C32C85 /* MethodAndTools */,
				F5CBDCAD1D0EB7E200C32C85 /* MethodAndToolsTests */,
				F5CBDCB81D0EB7E200C32C85 /* MethodAndToolsUITests */,
			);
		};
/* End PBXProject section */

/* Begin PBXResourcesBuildPhase section */
		F5CBDC931D0EB7E200C32C85 /* Resources */ = {
			isa = PBXResourcesBuildPhase;
			buildActionMask = 2147483647;
			files = (
				F5CBDCA81D0EB7E200C32C85 /* LaunchScreen.storyboard in Resources */,
				F5CBDCA51D0EB7E200C32C85 /* Assets.xcassets in Resources */,
				F5CBDCA31D0EB7E200C32C85 /* Main.storyboard in Resources */,
			);
			runOnlyForDeploymentPostprocessing = 0;
		};
		F5CBDCAC1D0EB7E200C32C85 /* Resources */ = {
			isa = PBXResourcesBuildPhase;
			buildActionMask = 2147483647;
			files = (
			);
			runOnlyForDeploymentPostprocessing = 0;
		};
		F5CBDCB71D0EB7E200C32C85 /* Resources */ = {
			isa = PBXResourcesBuildPhase;
			buildActionMask = 2147483647;
			files = (
			);
			runOnlyForDeploymentPostprocessing = 0;
		};
/* End PBXResourcesBuildPhase section */

/* Begin PBXSourcesBuildPhase section */
		F5CBDC911D0EB7E200C32C85 /* Sources */ = {
			isa = PBXSourcesBuildPhase;
			buildActionMask = 2147483647;
			files = (
				F5CBDCA01D0EB7E200C32C85 /* ViewController.m in Sources */,
				F5CBDC9D1D0EB7E200C32C85 /* AppDelegate.m in Sources */,
				F5CBDC9A1D0EB7E200C32C85 /* main.m in Sources */,
			);
			runOnlyForDeploymentPostprocessing = 0;
		};
		F5CBDCAA1D0EB7E200C32C85 /* Sources */ = {
			isa = PBXSourcesBuildPhase;
			buildActionMask = 2147483647;
			files = (
				F5CBDCB31D0EB7E200C32C85 /* MethodAndToolsTests.m in Sources */,
			);
			runOnlyForDeploymentPostprocessing = 0;
		};
		F5CBDCB51D0EB7E200C32C85 /* Sources */ = {
			isa = PBXSourcesBuildPhase;
			buildActionMask = 2147483647;
			files = (
				F5CBDCBE1D0EB7E200C32C85 /* MethodAndToolsUITests.m in Sources */,
			);
			runOnlyForDeploymentPostprocessing = 0;
		};
/* End PBXSourcesBuildPhase section */

/* Begin PBXTargetDependency section */
		F5CBDCB01D0EB7E200C32C85 /* PBXTargetDependency */ = {
			isa = PBXTargetDependency;
			target = F5CBDC941D0EB7E200C32C85 /* MethodAndTools */;
			targetProxy = F5CBDCAF1D0EB7E200C32C85 /* PBXContainerItemProxy */;
		};
		F5CBDCBB1D0EB7E200C32C85 /* PBXTargetDependency */ = {
			isa = PBXTargetDependency;
			target = F5CBDC941D0EB7E200C32C85 /* MethodAndTools */;
			targetProxy = F5CBDCBA1D0EB7E200C32C85 /* PBXContainerItemProxy */;
		};
/* End PBXTargetDependency section */

/* Begin PBXVariantGroup section */
		F5CBDCA11D0EB7E200C32C85 /* Main.storyboard */ = {
			isa = PBXVariantGroup;
			children = (
				F5CBDCA21D0EB7E200C32C85 /* Base */,
			);
			name = Main.storyboard;
			sourceTree = "<group>";
		};
		F5CBDCA61D0EB7E200C32C85 /* LaunchScreen.storyboard */ = {
			isa = PBXVariantGroup;
			children = (
				F5CBDCA71D0EB7E200C32C85 /* Base */,
			);
			name = LaunchScreen.storyboard;
			sourceTree = "<group>";
		};
/* End PBXVariantGroup section */

/* Begin XCBuildConfiguration section */
		F5CBDCC01D0EB7E200C32C85 /* Debug */ = {
			isa = XCBuildConfiguration;
			buildSettings = {
				ALWAYS_SEARCH_USER_PATHS = NO;
				CLANG_ANALYZER_NONNULL = YES;
				CLANG_CXX_LANGUAGE_STANDARD = "gnu++0x";
				CLANG_CXX_LIBRARY = "libc++";
				CLANG_ENABLE_MODULES = YES;
				CLANG_ENABLE_OBJC_ARC = YES;
				CLANG_WARN_BOOL_CONVERSION = YES;
				CLANG_WARN_CONSTANT_CONVERSION = YES;
				CLANG_WARN_DIRECT_OBJC_ISA_USAGE = YES_ERROR;
				CLANG_WARN_EMPTY_BODY = YES;
				CLANG_WARN_ENUM_CONVERSION = YES;
				CLANG_WARN_INT_CONVERSION = YES;
				CLANG_WARN_OBJC_ROOT_CLASS = YES_ERROR;
				CLANG_WARN_UNREACHABLE_CODE = YES;
				CLANG_WARN__DUPLICATE_METHOD_MATCH = YES;
				"CODE_SIGN_IDENTITY[sdk=iphoneos*]" = "iPhone Developer";
				COPY_PHASE_STRIP = NO;
				DEBUG_INFORMATION_FORMAT = dwarf;
				ENABLE_STRICT_OBJC_MSGSEND = YES;
				ENABLE_TESTABILITY = YES;
				GCC_C_LANGUAGE_STANDARD = gnu99;
				GCC_DYNAMIC_NO_PIC = NO;
				GCC_NO_COMMON_BLOCKS = YES;
				GCC_OPTIMIZATION_LEVEL = 0;
				GCC_PREPROCESSOR_DEFINITIONS = (
					"DEBUG=1",
					"$(inherited)",
				);
				GCC_WARN_64_TO_32_BIT_CONVERSION = YES;
				GCC_WARN_ABOUT_RETURN_TYPE = YES_ERROR;
				GCC_WARN_UNDECLARED_SELECTOR = YES;
				GCC_WARN_UNINITIALIZED_AUTOS = YES_AGGRESSIVE;
				GCC_WARN_UNUSED_FUNCTION = YES;
				GCC_WARN_UNUSED_VARIABLE = YES;
				IPHONEOS_DEPLOYMENT_TARGET = 9.3;
				MTL_ENABLE_DEBUG_INFO = YES;
				ONLY_ACTIVE_ARCH = YES;
				SDKROOT = iphoneos;
				TARGETED_DEVICE_FAMILY = "1,2";
			};
			name = Debug;
		};
		F5CBDCC11D0EB7E200C32C85 /* Release */ = {
			isa = XCBuildConfiguration;
			buildSettings = {
				ALWAYS_SEARCH_USER_PATHS = NO;
				CLANG_ANALYZER_NONNULL = YES;
				CLANG_CXX_LANGUAGE_STANDARD = "gnu++0x";
				CLANG_CXX_LIBRARY = "libc++";
				CLANG_ENABLE_MODULES = YES;
				CLANG_ENABLE_OBJC_ARC = YES;
				CLANG_WARN_BOOL_CONVERSION = YES;
				CLANG_WARN_CONSTANT_CONVERSION = YES;
				CLANG_WARN_DIRECT_OBJC_ISA_USAGE = YES_ERROR;
				CLANG_WARN_EMPTY_BODY = YES;
				CLANG_WARN_ENUM_CONVERSION = YES;
				CLANG_WARN_INT_CONVERSION = YES;
				CLANG_WARN_OBJC_ROOT_CLASS = YES_ERROR;
				CLANG_WARN_UNREACHABLE_CODE = YES;
				CLANG_WARN__DUPLICATE_METHOD_MATCH = YES;
				"CODE_SIGN_IDENTITY[sdk=iphoneos*]" = "iPhone Developer";
				COPY_PHASE_STRIP = NO;
				DEBUG_INFORMATION_FORMAT = "dwarf-with-dsym";
				ENABLE_NS_ASSERTIONS = NO;
				ENABLE_STRICT_OBJC_MSGSEND = YES;
				GCC_C_LANGUAGE_STANDARD = gnu99;
				GCC_NO_COMMON_BLOCKS = YES;
				GCC_WARN_64_TO_32_BIT_CONVERSION = YES;
				GCC_WARN_ABOUT_RETURN_TYPE = YES_ERROR;
				GCC_WARN_UNDECLARED_SELECTOR = YES;
				GCC_WARN_UNINITIALIZED_AUTOS = YES_AGGRESSIVE;
				GCC_WARN_UNUSED_FUNCTION = YES;
				GCC_WARN_UNUSED_VARIABLE = YES;
				IPHONEOS_DEPLOYMENT_TARGET = 9.3;
				MTL_ENABLE_DEBUG_INFO = NO;
				SDKROOT = iphoneos;
				TARGETED_DEVICE_FAMILY = "1,2";
				VALIDATE_PRODUCT = YES;
			};
			name = Release;
		};
		F5CBDCC31D0EB7E200C32C85 /* Debug */ = {
			isa = XCBuildConfiguration;
			buildSettings = {
				ASSETCATALOG_COMPILER_APPICON_NAME = AppIcon;
				INFOPLIST_FILE = MethodAndTools/Info.plist;
				LD_RUNPATH_SEARCH_PATHS = "$(inherited) @executable_path/Frameworks";
				PRODUCT_BUNDLE_IDENTIFIER = NXB.MethodAndTools;
				PRODUCT_NAME = "$(TARGET_NAME)";
			};
			name = Debug;
		};
		F5CBDCC41D0EB7E200C32C85 /* Release */ = {
			isa = XCBuildConfiguration;
			buildSettings = {
				ASSETCATALOG_COMPILER_APPICON_NAME = AppIcon;
				INFOPLIST_FILE = MethodAndTools/Info.plist;
				LD_RUNPATH_SEARCH_PATHS = "$(inherited) @executable_path/Frameworks";
				PRODUCT_BUNDLE_IDENTIFIER = NXB.MethodAndTools;
				PRODUCT_NAME = "$(TARGET_NAME)";
			};
			name = Release;
		};
		F5CBDCC61D0EB7E200C32C85 /* Debug */ = {
			isa = XCBuildConfiguration;
			buildSettings = {
				BUNDLE_LOADER = "$(TEST_HOST)";
				INFOPLIST_FILE = MethodAndToolsTests/Info.plist;
				LD_RUNPATH_SEARCH_PATHS = "$(inherited) @executable_path/Frameworks @loader_path/Frameworks";
				PRODUCT_BUNDLE_IDENTIFIER = NXB.MethodAndToolsTests;
				PRODUCT_NAME = "$(TARGET_NAME)";
				TEST_HOST = "$(BUILT_PRODUCTS_DIR)/MethodAndTools.app/MethodAndTools";
			};
			name = Debug;
		};
		F5CBDCC71D0EB7E200C32C85 /* Release */ = {
			isa = XCBuildConfiguration;
			buildSettings = {
				BUNDLE_LOADER = "$(TEST_HOST)";
				INFOPLIST_FILE = MethodAndToolsTests/Info.plist;
				LD_RUNPATH_SEARCH_PATHS = "$(inherited) @executable_path/Frameworks @loader_path/Frameworks";
				PRODUCT_BUNDLE_IDENTIFIER = NXB.MethodAndToolsTests;
				PRODUCT_NAME = "$(TARGET_NAME)";
				TEST_HOST = "$(BUILT_PRODUCTS_DIR)/MethodAndTools.app/MethodAndTools";
			};
			name = Release;
		};
		F5CBDCC91D0EB7E200C32C85 /* Debug */ = {
			isa = XCBuildConfiguration;
			buildSettings = {
				INFOPLIST_FILE = MethodAndToolsUITests/Info.plist;
				LD_RUNPATH_SEARCH_PATHS = "$(inherited) @executable_path/Frameworks @loader_path/Frameworks";
				PRODUCT_BUNDLE_IDENTIFIER = NXB.MethodAndToolsUITests;
				PRODUCT_NAME = "$(TARGET_NAME)";
				TEST_TARGET_NAME = MethodAndTools;
			};
			name = Debug;
		};
		F5CBDCCA1D0EB7E200C32C85 /* Release */ = {
			isa = XCBuildConfiguration;
			buildSettings = {
				INFOPLIST_FILE = MethodAndToolsUITests/Info.plist;
				LD_RUNPATH_SEARCH_PATHS = "$(inherited) @executable_path/Frameworks @loader_path/Frameworks";
				PRODUCT_BUNDLE_IDENTIFIER = NXB.MethodAndToolsUITests;
				PRODUCT_NAME = "$(TARGET_NAME)";
				TEST_TARGET_NAME = MethodAndTools;
			};
			name = Release;
		};
/* End XCBuildConfiguration section */

/* Begin XCConfigurationList section */
		F5CBDC901D0EB7E200C32C85 /* Build configuration list for PBXProject "MethodAndTools" */ = {
			isa = XCConfigurationList;
			buildConfigurations = (
				F5CBDCC01D0EB7E200C32C85 /* Debug */,
				F5CBDCC11D0EB7E200C32C85 /* Release */,
			);
			defaultConfigurationIsVisible = 0;
			defaultConfigurationName = Release;
		};
		F5CBDCC21D0EB7E200C32C85 /* Build configuration list for PBXNativeTarget "MethodAndTools" */ = {
			isa = XCConfigurationList;
			buildConfigurations = (
				F5CBDCC31D0EB7E200C32C85 /* Debug */,
				F5CBDCC41D0EB7E200C32C85 /* Release */,
			);
			defaultConfigurationIsVisible = 0;
		};
		F5CBDCC51D0EB7E200C32C85 /* Build configuration list for PBXNativeTarget "MethodAndToolsTests" */ = {
			isa = XCConfigurationList;
			buildConfigurations = (
				F5CBDCC61D0EB7E200C32C85 /* Debug */,
				F5CBDCC71D0EB7E200C32C85 /* Release */,
			);
			defaultConfigurationIsVisible = 0;
		};
		F5CBDCC81D0EB7E200C32C85 /* Build configuration list for PBXNativeTarget "MethodAndToolsUITests" */ = {
			isa = XCConfigurationList;
			buildConfigurations = (
				F5CBDCC91D0EB7E200C32C85 /* Debug */,
				F5CBDCCA1D0EB7E200C32C85 /* Release */,
			);
			defaultConfigurationIsVisible = 0;
		};
/* End XCConfigurationList section */
	};
	rootObject = F5CBDC8D1D0EB7E200C32C85 /* Project object */;
}
